// !$*UTF8*$!
{
	archiveVersion = 1;
	classes = {
	};
	objectVersion = 56;
	objects = {

/* Begin PBXBuildFile section */
		CB0000000000000000000021 /* CubeClubhouseApp.swift in Sources */ = {isa = PBXBuildFile; fileRef = CB0000000000000000000011 /* CubeClubhouseApp.swift */; };
		CB0000000000000000000022 /* WebAppView.swift in Sources */ = {isa = PBXBuildFile; fileRef = CB0000000000000000000012 /* WebAppView.swift */; };
		CB0000000000000000000023 /* BundleSchemeHandler.swift in Sources */ = {isa = PBXBuildFile; fileRef = CB0000000000000000000013 /* BundleSchemeHandler.swift */; };
		CB0000000000000000000027 /* UpdateChecker.swift in Sources */ = {isa = PBXBuildFile; fileRef = CB0000000000000000000019 /* UpdateChecker.swift */; };
		CB0000000000000000000024 /* Assets.xcassets in Resources */ = {isa = PBXBuildFile; fileRef = CB0000000000000000000014 /* Assets.xcassets */; };
		CB0000000000000000000026 /* PrivacyInfo.xcprivacy in Resources */ = {isa = PBXBuildFile; fileRef = CB0000000000000000000017 /* PrivacyInfo.xcprivacy */; };
/* End PBXBuildFile section */

/* Begin PBXFileReference section */
		CB0000000000000000000006 /* CubeClubhouse.app */ = {isa = PBXFileReference; explicitFileType = wrapper.application; includeInIndex = 0; path = CubeClubhouse.app; sourceTree = BUILT_PRODUCTS_DIR; };
		CB0000000000000000000011 /* CubeClubhouseApp.swift */ = {isa = PBXFileReference; lastKnownFileType = sourcecode.swift; path = CubeClubhouseApp.swift; sourceTree = "<group>"; };
		CB0000000000000000000012 /* WebAppView.swift */ = {isa = PBXFileReference; lastKnownFileType = sourcecode.swift; path = WebAppView.swift; sourceTree = "<group>"; };
		CB0000000000000000000017 /* PrivacyInfo.xcprivacy */ = {isa = PBXFileReference; lastKnownFileType = text.plist.xml; path = PrivacyInfo.xcprivacy; sourceTree = "<group>"; };
		CB0000000000000000000018 /* Info.plist */ = {isa = PBXFileReference; lastKnownFileType = text.plist.xml; path = Info.plist; sourceTree = "<group>"; };
		CB0000000000000000000013 /* BundleSchemeHandler.swift */ = {isa = PBXFileReference; lastKnownFileType = sourcecode.swift; path = BundleSchemeHandler.swift; sourceTree = "<group>"; };
		CB0000000000000000000019 /* UpdateChecker.swift */ = {isa = PBXFileReference; lastKnownFileType = sourcecode.swift; path = UpdateChecker.swift; sourceTree = "<group>"; };
		CB0000000000000000000014 /* Assets.xcassets */ = {isa = PBXFileReference; lastKnownFileType = folder.assetcatalog; path = Assets.xcassets; sourceTree = "<group>"; };
/* End PBXFileReference section */

/* Begin PBXFrameworksBuildPhase section */
		CB000000000000000000000E /* Frameworks */ = {
			isa = PBXFrameworksBuildPhase;
			buildActionMask = 2147483647;
			files = (
			);
			runOnlyForDeploymentPostprocessing = 0;
		};
/* End PBXFrameworksBuildPhase section */

/* Begin PBXGroup section */
		CB0000000000000000000002 = {
			isa = PBXGroup;
			children = (
				CB0000000000000000000004 /* CubeClubhouse */,
				CB0000000000000000000003 /* Products */,
			);
			sourceTree = "<group>";
		};
		CB0000000000000000000003 /* Products */ = {
			isa = PBXGroup;
			children = (
				CB0000000000000000000006 /* CubeClubhouse.app */,
			);
			name = Products;
			sourceTree = "<group>";
		};
		CB0000000000000000000004 /* CubeClubhouse */ = {
			isa = PBXGroup;
			children = (
				CB0000000000000000000011 /* CubeClubhouseApp.swift */,
				CB0000000000000000000012 /* WebAppView.swift */,
				CB0000000000000000000013 /* BundleSchemeHandler.swift */,
				CB0000000000000000000019 /* UpdateChecker.swift */,
				CB0000000000000000000017 /* PrivacyInfo.xcprivacy */,
				CB0000000000000000000018 /* Info.plist */,
				CB0000000000000000000014 /* Assets.xcassets */,
			);
			path = CubeClubhouse;
			sourceTree = "<group>";
		};
/* End PBXGroup section */

/* Begin PBXNativeTarget section */
		CB0000000000000000000005 /* CubeClubhouse */ = {
			isa = PBXNativeTarget;
			buildConfigurationList = CB0000000000000000000008 /* Build configuration list for PBXNativeTarget "CubeClubhouse" */;
			buildPhases = (
				CB000000000000000000000D /* Sources */,
				CB000000000000000000000E /* Frameworks */,
				CB000000000000000000000F /* Resources */,
				CB0000000000000000000010 /* Copy web app into bundle */,
			);
			buildRules = (
			);
			dependencies = (
			);
			name = CubeClubhouse;
			productName = CubeClubhouse;
			productReference = CB0000000000000000000006 /* CubeClubhouse.app */;
			productType = "com.apple.product-type.application";
		};
/* End PBXNativeTarget section */

/* Begin PBXProject section */
		CB0000000000000000000001 /* Project object */ = {
			isa = PBXProject;
			attributes = {
				BuildIndependentTargetsInParallel = 1;
				LastSwiftUpdateCheck = 1500;
				LastUpgradeCheck = 1500;
				TargetAttributes = {
					CB0000000000000000000005 = {
						CreatedOnToolsVersion = 15.0;
					};
				};
			};
			buildConfigurationList = CB0000000000000000000007 /* Build configuration list for PBXProject "CubeClubhouse" */;
			compatibilityVersion = "Xcode 14.0";
			developmentRegion = en;
			hasScannedForEncodings = 0;
			knownRegions = (
				en,
				Base,
			);
			mainGroup = CB0000000000000000000002;
			productRefGroup = CB0000000000000000000003 /* Products */;
			projectDirPath = "";
			projectRoot = "";
			targets = (
				CB0000000000000000000005 /* CubeClubhouse */,
			);
		};
/* End PBXProject section */

/* Begin PBXResourcesBuildPhase section */
		CB000000000000000000000F /* Resources */ = {
			isa = PBXResourcesBuildPhase;
			buildActionMask = 2147483647;
			files = (
				CB0000000000000000000024 /* Assets.xcassets in Resources */,
				CB0000000000000000000026 /* PrivacyInfo.xcprivacy in Resources */,
			);
			runOnlyForDeploymentPostprocessing = 0;
		};
/* End PBXResourcesBuildPhase section */

/* Begin PBXShellScriptBuildPhase section */
		CB0000000000000000000010 /* Copy web app into bundle */ = {
			isa = PBXShellScriptBuildPhase;
			alwaysOutOfDate = 1;
			buildActionMask = 2147483647;
			files = (
			);
			inputPaths = (
			);
			name = "Copy web app into bundle";
			outputPaths = (
			);
			runOnlyForDeploymentPostprocessing = 0;
			shellPath = /bin/sh;
			shellScript = "set -e\nSRC=\"$SRCROOT/..\"\nDEST=\"$BUILT_PRODUCTS_DIR/$UNLOCALIZED_RESOURCES_FOLDER_PATH/Web\"\n\n# One source of truth: the web app lives in RubiksCubeTutor/, not duplicated in here.\nif [ ! -f \"$SRC/index.html\" ]; then\n  echo \"error: no web app at $SRC - keep CubeClubhouse.xcodeproj inside RubiksCubeTutor/ios/\"\n  exit 1\nfi\n\nrm -rf \"$DEST\"\nmkdir -p \"$DEST\"\ncp \"$SRC/index.html\" \"$DEST/index.html\"\ncp -R \"$SRC/css\" \"$DEST/css\"\ncp -R \"$SRC/js\" \"$DEST/js\"\nmkdir -p \"$DEST/fonts\"\ncp \"$SRC/fonts/fredoka-latin-var.woff2\" \"$DEST/fonts/fredoka-latin-var.woff2\"\ncp \"$SRC/fonts/OFL.txt\" \"$DEST/fonts/OFL.txt\"\nmkdir -p \"$DEST/media\"\ncp \"$SRC/media/intro.mp4\" \"$DEST/media/intro.mp4\"\ncp \"$SRC/media/intro-poster.jpg\" \"$DEST/media/intro-poster.jpg\"\necho \"note: copied the web app into $DEST\"\n";
		};
/* End PBXShellScriptBuildPhase section */

/* Begin PBXSourcesBuildPhase section */
		CB000000000000000000000D /* Sources */ = {
			isa = PBXSourcesBuildPhase;
			buildActionMask = 2147483647;
			files = (
				CB0000000000000000000021 /* CubeClubhouseApp.swift in Sources */,
				CB0000000000000000000022 /* WebAppView.swift in Sources */,
				CB0000000000000000000023 /* BundleSchemeHandler.swift in Sources */,
				CB0000000000000000000027 /* UpdateChecker.swift in Sources */,
			);
			runOnlyForDeploymentPostprocessing = 0;
		};
/* End PBXSourcesBuildPhase section */

/* Begin XCBuildConfiguration section */
		CB0000000000000000000009 /* Debug */ = {
			isa = XCBuildConfiguration;
			buildSettings = {
				ALWAYS_SEARCH_USER_PATHS = NO;
				CLANG_ANALYZER_NONNULL = YES;
				CLANG_ENABLE_MODULES = YES;
				CLANG_ENABLE_OBJC_ARC = YES;
				CLANG_WARN_DOCUMENTATION_COMMENTS = YES;
				CLANG_WARN_UNREACHABLE_CODE = YES;
				COPY_PHASE_STRIP = NO;
				ENABLE_STRICT_OBJC_MSGSEND = YES;
				ENABLE_USER_SCRIPT_SANDBOXING = NO;
				GCC_NO_COMMON_BLOCKS = YES;
				GCC_WARN_UNDECLARED_SELECTOR = YES;
				GCC_WARN_UNUSED_FUNCTION = YES;
				GCC_WARN_UNUSED_VARIABLE = YES;
				IPHONEOS_DEPLOYMENT_TARGET = 17.0;
				SDKROOT = iphoneos;
				SWIFT_EMIT_LOC_STRINGS = YES;
				DEBUG_INFORMATION_FORMAT = dwarf;
				ENABLE_TESTABILITY = YES;
				GCC_DYNAMIC_NO_PIC = NO;
				GCC_OPTIMIZATION_LEVEL = 0;
				GCC_PREPROCESSOR_DEFINITIONS = (
					"DEBUG=1",
					"$(inherited)",
				);
				MTL_ENABLE_DEBUG_INFO = INCLUDE_SOURCE;
				ONLY_ACTIVE_ARCH = YES;
				SWIFT_ACTIVE_COMPILATION_CONDITIONS = "DEBUG $(inherited)";
				SWIFT_OPTIMIZATION_LEVEL = "-Onone";
			};
			name = Debug;
		};
		CB000000000000000000000A /* Release */ = {
			isa = XCBuildConfiguration;
			buildSettings = {
				ALWAYS_SEARCH_USER_PATHS = NO;
				CLANG_ANALYZER_NONNULL = YES;
				CLANG_ENABLE_MODULES = YES;
				CLANG_ENABLE_OBJC_ARC = YES;
				CLANG_WARN_DOCUMENTATION_COMMENTS = YES;
				CLANG_WARN_UNREACHABLE_CODE = YES;
				COPY_PHASE_STRIP = NO;
				ENABLE_STRICT_OBJC_MSGSEND = YES;
				ENABLE_USER_SCRIPT_SANDBOXING = NO;
				GCC_NO_COMMON_BLOCKS = YES;
				GCC_WARN_UNDECLARED_SELECTOR = YES;
				GCC_WARN_UNUSED_FUNCTION = YES;
				GCC_WARN_UNUSED_VARIABLE = YES;
				IPHONEOS_DEPLOYMENT_TARGET = 17.0;
				SDKROOT = iphoneos;
				SWIFT_EMIT_LOC_STRINGS = YES;
				DEBUG_INFORMATION_FORMAT = "dwarf-with-dsym";
				ENABLE_NS_ASSERTIONS = NO;
				MTL_ENABLE_DEBUG_INFO = NO;
				SWIFT_COMPILATION_MODE = wholemodule;
				VALIDATE_PRODUCT = YES;
			};
			name = Release;
		};
		CB000000000000000000000B /* Debug */ = {
			isa = XCBuildConfiguration;
			buildSettings = {
				ASSETCATALOG_COMPILER_APPICON_NAME = AppIcon;
				ASSETCATALOG_COMPILER_GLOBAL_ACCENT_COLOR_NAME = AccentColor;
				CODE_SIGN_STYLE = Automatic;
				CURRENT_PROJECT_VERSION = 1;
				ENABLE_PREVIEWS = YES;
				GENERATE_INFOPLIST_FILE = YES;
				INFOPLIST_KEY_CFBundleDisplayName = "Cube Clubhouse";
				INFOPLIST_KEY_ITSAppUsesNonExemptEncryption = NO;
				INFOPLIST_KEY_LSApplicationCategoryType = "public.app-category.education";
				INFOPLIST_KEY_NSHumanReadableCopyright = "Copyright © 2026 Ira Learning LLC. All rights reserved.";
				INFOPLIST_KEY_UIApplicationSceneManifest_Generation = YES;
				INFOPLIST_KEY_UIApplicationSupportsIndirectInputEvents = YES;
				INFOPLIST_FILE = CubeClubhouse/Info.plist;
				INFOPLIST_KEY_UIRequiresFullScreen = NO;
				INFOPLIST_KEY_UIStatusBarStyle = UIStatusBarStyleDefault;
				INFOPLIST_KEY_UISupportedInterfaceOrientations_iPad = "UIInterfaceOrientationPortrait UIInterfaceOrientationPortraitUpsideDown UIInterfaceOrientationLandscapeLeft UIInterfaceOrientationLandscapeRight";
				INFOPLIST_KEY_UISupportedInterfaceOrientations_iPhone = "UIInterfaceOrientationPortrait UIInterfaceOrientationLandscapeLeft UIInterfaceOrientationLandscapeRight";
				MARKETING_VERSION = 1.0;
				PRODUCT_BUNDLE_IDENTIFIER = com.iralearningllc.cubeclubhouse;
				PRODUCT_NAME = "$(TARGET_NAME)";
				SWIFT_VERSION = 5.0;
				TARGETED_DEVICE_FAMILY = "1,2";
			};
			name = Debug;
		};
		CB000000000000000000000C /* Release */ = {
			isa = XCBuildConfiguration;
			buildSettings = {
				ASSETCATALOG_COMPILER_APPICON_NAME = AppIcon;
				ASSETCATALOG_COMPILER_GLOBAL_ACCENT_COLOR_NAME = AccentColor;
				CODE_SIGN_STYLE = Automatic;
				CURRENT_PROJECT_VERSION = 1;
				ENABLE_PREVIEWS = YES;
				GENERATE_INFOPLIST_FILE = YES;
				INFOPLIST_KEY_CFBundleDisplayName = "Cube Clubhouse";
				INFOPLIST_KEY_ITSAppUsesNonExemptEncryption = NO;
				INFOPLIST_KEY_LSApplicationCategoryType = "public.app-category.education";
				INFOPLIST_KEY_NSHumanReadableCopyright = "Copyright © 2026 Ira Learning LLC. All rights reserved.";
				INFOPLIST_KEY_UIApplicationSceneManifest_Generation = YES;
				INFOPLIST_KEY_UIApplicationSupportsIndirectInputEvents = YES;
				INFOPLIST_FILE = CubeClubhouse/Info.plist;
				INFOPLIST_KEY_UIRequiresFullScreen = NO;
				INFOPLIST_KEY_UIStatusBarStyle = UIStatusBarStyleDefault;
				INFOPLIST_KEY_UISupportedInterfaceOrientations_iPad = "UIInterfaceOrientationPortrait UIInterfaceOrientationPortraitUpsideDown UIInterfaceOrientationLandscapeLeft UIInterfaceOrientationLandscapeRight";
				INFOPLIST_KEY_UISupportedInterfaceOrientations_iPhone = "UIInterfaceOrientationPortrait UIInterfaceOrientationLandscapeLeft UIInterfaceOrientationLandscapeRight";
				MARKETING_VERSION = 1.0;
				PRODUCT_BUNDLE_IDENTIFIER = com.iralearningllc.cubeclubhouse;
				PRODUCT_NAME = "$(TARGET_NAME)";
				SWIFT_VERSION = 5.0;
				TARGETED_DEVICE_FAMILY = "1,2";
			};
			name = Release;
		};
/* End XCBuildConfiguration section */

/* Begin XCConfigurationList section */
		CB0000000000000000000007 /* Build configuration list for PBXProject "CubeClubhouse" */ = {
			isa = XCConfigurationList;
			buildConfigurations = (
				CB0000000000000000000009 /* Debug */,
				CB000000000000000000000A /* Release */,
			);
			defaultConfigurationIsVisible = 0;
			defaultConfigurationName = Release;
		};
		CB0000000000000000000008 /* Build configuration list for PBXNativeTarget "CubeClubhouse" */ = {
			isa = XCConfigurationList;
			buildConfigurations = (
				CB000000000000000000000B /* Debug */,
				CB000000000000000000000C /* Release */,
			);
			defaultConfigurationIsVisible = 0;
			defaultConfigurationName = Release;
		};
/* End XCConfigurationList section */
	};
	rootObject = CB0000000000000000000001 /* Project object */;
}
